// !$*UTF8*$!
{
	archiveVersion = 1;
	classes = {
	};
	objectVersion = 50;
	objects = {

/* Begin PBXBuildFile section */
		5AC1582324BE4F1C00054FAD /* AppDelegate.swift in Sources */ = {isa = PBXBuildFile; fileRef = 5AC1582224BE4F1C00054FAD /* AppDelegate.swift */; };
		5AC1582524BE4F1C00054FAD /* SceneDelegate.swift in Sources */ = {isa = PBXBuildFile; fileRef = 5AC1582424BE4F1C00054FAD /* SceneDelegate.swift */; };
		5AC1582724BE4F1C00054FAD /* ContentView.swift in Sources */ = {isa = PBXBuildFile; fileRef = 5AC1582624BE4F1C00054FAD /* ContentView.swift */; };
		5AC1582924BE4F1D00054FAD /* Assets.xcassets in Resources */ = {isa = PBXBuildFile; fileRef = 5AC1582824BE4F1D00054FAD /* Assets.xcassets */; };
		5AC1582C24BE4F1D00054FAD /* Preview Assets.xcassets in Resources */ = {isa = PBXBuildFile; fileRef = 5AC1582B24BE4F1D00054FAD /* Preview Assets.xcassets */; };
		5AC1582F24BE4F1D00054FAD /* LaunchScreen.storyboard in Resources */ = {isa = PBXBuildFile; fileRef = 5AC1582D24BE4F1D00054FAD /* LaunchScreen.storyboard */; };
/* End PBXBuildFile section */

/* Begin PBXFileReference section */
		5AC1581F24BE4F1C00054FAD /* LolChamps.app */ = {isa = PBXFileReference; explicitFileType = wrapper.application; includeInIndex = 0; path = LolChamps.app; sourceTree = BUILT_PRODUCTS_DIR; };
		5AC1582224BE4F1C00054FAD /* AppDelegate.swift */ = {isa = PBXFileReference; lastKnownFileType = sourcecode.swift; path = AppDelegate.swift; sourceTree = "<group>"; };
		5AC1582424BE4F1C00054FAD /* SceneDelegate.swift */ = {isa = PBXFileReference; lastKnownFileType = sourcecode.swift; path = SceneDelegate.swift; sourceTree = "<group>"; };
		5AC1582624BE4F1C00054FAD /* ContentView.swift */ = {isa = PBXFileReference; lastKnownFileType = sourcecode.swift; path = ContentView.swift; sourceTree = "<group>"; };
		5AC1582824BE4F1D00054FAD /* Assets.xcassets */ = {isa = PBXFileReference; lastKnownFileType = folder.assetcatalog; path = Assets.xcassets; sourceTree = "<group>"; };
		5AC1582B24BE4F1D00054FAD /* Preview Assets.xcassets */ = {isa = PBXFileReference; lastKnownFileType = folder.assetcatalog; path = "Preview Assets.xcassets"; sourceTree = "<group>"; };
		5AC1582E24BE4F1D00054FAD /* Base */ = {isa = PBXFileReference; lastKnownFileType = file.storyboard; name = Base; path = Base.lproj/LaunchScreen.storyboard; sourceTree = "<group>"; };
		5AC1583024BE4F1D00054FAD /* Info.plist */ = {isa = PBXFileReference; lastKnownFileType = text.plist.xml; path = Info.plist; sourceTree = "<group>"; };
/* End PBXFileReference section */

/* Begin PBXFrameworksBuildPhase section */
		5AC1581C24BE4F1C00054FAD /* Frameworks */ = {
			isa = PBXFrameworksBuildPhase;
			buildActionMask = 2147483647;
			files = (
			);
			runOnlyForDeploymentPostprocessing = 0;
		};
/* End PBXFrameworksBuildPhase section */

/* Begin PBXGroup section */
		5AC1581624BE4F1C00054FAD = {
			isa = PBXGroup;
			children = (
				5AC1582124BE4F1C00054FAD /* LolChamps */,
				5AC1582024BE4F1C00054FAD /* Products */,
			);
			sourceTree = "<group>";
		};
		5AC1582024BE4F1C00054FAD /* Products */ = {
			isa = PBXGroup;
			children = (
				5AC1581F24BE4F1C00054FAD /* LolChamps.app */,
			);
			name = Products;
			sourceTree = "<group>";
		};
		5AC1582124BE4F1C00054FAD /* LolChamps */ = {
			isa = PBXGroup;
			children = (
				5AC1582224BE4F1C00054FAD /* AppDelegate.swift */,
				5AC1582424BE4F1C00054FAD /* SceneDelegate.swift */,
				5AC1582624BE4F1C00054FAD /* ContentView.swift */,
				5AC1582824BE4F1D00054FAD /* Assets.xcassets */,
				5AC1582D24BE4F1D00054FAD /* LaunchScreen.storyboard */,
				5AC1583024BE4F1D00054FAD /* Info.plist */,
				5AC1582A24BE4F1D00054FAD /* Preview Content */,
			);
			path = LolChamps;
			sourceTree = "<group>";
		};
		5AC1582A24BE4F1D00054FAD /* Preview Content */ = {
			isa = PBXGroup;
			children = (
				5AC1582B24BE4F1D00054FAD /* Preview Assets.xcassets */,
			);
			path = "Preview Content";
			sourceTree = "<group>";
		};
/* End PBXGroup section */

/* Begin PBXNativeTarget section */
		5AC1581E24BE4F1C00054FAD /* LolChamps */ = {
			isa = PBXNativeTarget;
			buildConfigurationList = 5AC1583324BE4F1D00054FAD /* Build configuration list for PBXNativeTarget "LolChamps" */;
			buildPhases = (
				5AC1581B24BE4F1C00054FAD /* Sources */,
				5AC1581C24BE4F1C00054FAD /* Frameworks */,
				5AC1581D24BE4F1C00054FAD /* Resources */,
			);
			buildRules = (
			);
			dependencies = (
			);
			name = LolChamps;
			productName = LolChamps;
			productReference = 5AC1581F24BE4F1C00054FAD /* LolChamps.app */;
			productType = "com.apple.product-type.application";
		};
/* End PBXNativeTarget section */

/* Begin PBXProject section */
		5AC1581724BE4F1C00054FAD /* Project object */ = {
			isa = PBXProject;
			attributes = {
				LastSwiftUpdateCheck = 1150;
				LastUpgradeCheck = 1150;
				ORGANIZATIONNAME = "Foggin, Oliver (Developer)";
				TargetAttributes = {
					5AC1581E24BE4F1C00054FAD = {
						CreatedOnToolsVersion = 11.5;
					};
				};
			};
			buildConfigurationList = 5AC1581A24BE4F1C00054FAD /* Build configuration list for PBXProject "LolChamps" */;
			compatibilityVersion = "Xcode 9.3";
			developmentRegion = en;
			hasScannedForEncodings = 0;
			knownRegions = (
				en,
				Base,
			);
			mainGroup = 5AC1581624BE4F1C00054FAD;
			productRefGroup = 5AC1582024BE4F1C00054FAD /* Products */;
			projectDirPath = "";
			projectRoot = "";
			targets = (
				5AC1581E24BE4F1C00054FAD /* LolChamps */,
			);
		};
/* End PBXProject section */

/* Begin PBXResourcesBuildPhase section */
		5AC1581D24BE4F1C00054FAD /* Resources */ = {
			isa = PBXResourcesBuildPhase;
			buildActionMask = 2147483647;
			files = (
				5AC1582F24BE4F1D00054FAD /* LaunchScreen.storyboard in Resources */,
				5AC1582C24BE4F1D00054FAD /* Preview Assets.xcassets in Resources */,
				5AC1582924BE4F1D00054FAD /* Assets.xcassets in Resources */,
			);
			runOnlyForDeploymentPostprocessing = 0;
		};
/* End PBXResourcesBuildPhase section */

/* Begin PBXSourcesBuildPhase section */
		5AC1581B24BE4F1C00054FAD /* Sources */ = {
			isa = PBXSourcesBuildPhase;
			buildActionMask = 2147483647;
			files = (
				5AC1582324BE4F1C00054FAD /* AppDelegate.swift in Sources */,
				5AC1582524BE4F1C00054FAD /* SceneDelegate.swift in Sources */,
				5AC1582724BE4F1C00054FAD /* ContentView.swift in Sources */,
			);
			runOnlyForDeploymentPostprocessing = 0;
		};
/* End PBXSourcesBuildPhase section */

/* Begin PBXVariantGroup section */
		5AC1582D24BE4F1D00054FAD /* LaunchScreen.storyboard */ = {
			isa = PBXVariantGroup;
			children = (
				5AC1582E24BE4F1D00054FAD /* Base */,
			);
			name = LaunchScreen.storyboard;
			sourceTree = "<group>";
		};
/* End PBXVariantGroup section */

/* Begin XCBuildConfiguration section */
		5AC1583124BE4F1D00054FAD /* Debug */ = {
			isa = XCBuildConfiguration;
			buildSettings = {
				ALWAYS_SEARCH_USER_PATHS = NO;
				CLANG_ANALYZER_NONNULL = YES;
				CLANG_ANALYZER_NUMBER_OBJECT_CONVERSION = YES_AGGRESSIVE;
				CLANG_CXX_LANGUAGE_STANDARD = "gnu++14";
				CLANG_CXX_LIBRARY = "libc++";
				CLANG_ENABLE_MODULES = YES;
				CLANG_ENABLE_OBJC_ARC = YES;
				CLANG_ENABLE_OBJC_WEAK = YES;
				CLANG_WARN_BLOCK_CAPTURE_AUTORELEASING = YES;
				CLANG_WARN_BOOL_CONVERSION = YES;
				CLANG_WARN_COMMA = YES;
				CLANG_WARN_CONSTANT_CONVERSION = YES;
				CLANG_WARN_DEPRECATED_OBJC_IMPLEMENTATIONS = YES;
				CLANG_WARN_DIRECT_OBJC_ISA_USAGE = YES_ERROR;
				CLANG_WARN_DOCUMENTATION_COMMENTS = YES;
				CLANG_WARN_EMPTY_BODY = YES;
				CLANG_WARN_ENUM_CONVERSION = YES;
				CLANG_WARN_INFINITE_RECURSION = YES;
				CLANG_WARN_INT_CONVERSION = YES;
				CLANG_WARN_NON_LITERAL_NULL_CONVERSION = YES;
				CLANG_WARN_OBJC_IMPLICIT_RETAIN_SELF = YES;
				CLANG_WARN_OBJC_LITERAL_CONVERSION = YES;
				CLANG_WARN_OBJC_ROOT_CLASS = YES_ERROR;
				CLANG_WARN_RANGE_LOOP_ANALYSIS = YES;
				CLANG_WARN_STRICT_PROTOTYPES = YES;
				CLANG_WARN_SUSPICIOUS_MOVE = YES;
				CLANG_WARN_UNGUARDED_AVAILABILITY = YES_AGGRESSIVE;
				CLANG_WARN_UNREACHABLE_CODE = YES;
				CLANG_WARN__DUPLICATE_METHOD_MATCH = YES;
				COPY_PHASE_STRIP = NO;
				DEBUG_INFORMATION_FORMAT = dwarf;
				ENABLE_STRICT_OBJC_MSGSEND = YES;
				ENABLE_TESTABILITY = YES;
				GCC_C_LANGUAGE_STANDARD = gnu11;
				GCC_DYNAMIC_NO_PIC = NO;
				GCC_NO_COMMON_BLOCKS = YES;
				GCC_OPTIMIZATION_LEVEL = 0;
				GCC_PREPROCESSOR_DEFINITIONS = (
					"DEBUG=1",
					"$(inherited)",
				);
				GCC_WARN_64_TO_32_BIT_CONVERSION = YES;
				GCC_WARN_ABOUT_RETURN_TYPE = YES_ERROR;
				GCC_WARN_UNDECLARED_SELECTOR = YES;
				GCC_WARN_UNINITIALIZED_AUTOS = YES_AGGRESSIVE;
				GCC_WARN_UNUSED_FUNCTION = YES;
				GCC_WARN_UNUSED_VARIABLE = YES;
				IPHONEOS_DEPLOYMENT_TARGET = 13.5;
				MTL_ENABLE_DEBUG_INFO = INCLUDE_SOURCE;
				MTL_FAST_MATH = YES;
				ONLY_ACTIVE_ARCH = YES;
				SDKROOT = iphoneos;
				SWIFT_ACTIVE_COMPILATION_CONDITIONS = DEBUG;
				SWIFT_OPTIMIZATION_LEVEL = "-Onone";
			};
			name = Debug;
		};
		5AC1583224BE4F1D00054FAD /* Release */ = {
			isa = XCBuildConfiguration;
			buildSettings = {
				ALWAYS_SEARCH_USER_PATHS = NO;
				CLANG_ANALYZER_NONNULL = YES;
				CLANG_ANALYZER_NUMBER_OBJECT_CONVERSION = YES_AGGRESSIVE;
				CLANG_CXX_LANGUAGE_STANDARD = "gnu++14";
				CLANG_CXX_LIBRARY = "libc++";
				CLANG_ENABLE_MODULES = YES;
				CLANG_ENABLE_OBJC_ARC = YES;
				CLANG_ENABLE_OBJC_WEAK = YES;
				CLANG_WARN_BLOCK_CAPTURE_AUTORELEASING = YES;
				CLANG_WARN_BOOL_CONVERSION = YES;
				CLANG_WARN_COMMA = YES;
				CLANG_WARN_CONSTANT_CONVERSION = YES;
				CLANG_WARN_DEPRECATED_OBJC_IMPLEMENTATIONS = YES;
				CLANG_WARN_DIRECT_OBJC_ISA_USAGE = YES_ERROR;
				CLANG_WARN_DOCUMENTATION_COMMENTS = YES;
				CLANG_WARN_EMPTY_BODY = YES;
				CLANG_WARN_ENUM_CONVERSION = YES;
				CLANG_WARN_INFINITE_RECURSION = YES;
				CLANG_WARN_INT_CONVERSION = YES;
				CLANG_WARN_NON_LITERAL_NULL_CONVERSION = YES;
				CLANG_WARN_OBJC_IMPLICIT_RETAIN_SELF = YES;
				CLANG_WARN_OBJC_LITERAL_CONVERSION = YES;
				CLANG_WARN_OBJC_ROOT_CLASS = YES_ERROR;
				CLANG_WARN_RANGE_LOOP_ANALYSIS = YES;
				CLANG_WARN_STRICT_PROTOTYPES = YES;
				CLANG_WARN_SUSPICIOUS_MOVE = YES;
				CLANG_WARN_UNGUARDED_AVAILABILITY = YES_AGGRESSIVE;
				CLANG_WARN_UNREACHABLE_CODE = YES;
				CLANG_WARN__DUPLICATE_METHOD_MATCH = YES;
				COPY_PHASE_STRIP = NO;
				DEBUG_INFORMATION_FORMAT = "dwarf-with-dsym";
				ENABLE_NS_ASSERTIONS = NO;
				ENABLE_STRICT_OBJC_MSGSEND = YES;
				GCC_C_LANGUAGE_STANDARD = gnu11;
				GCC_NO_COMMON_BLOCKS = YES;
				GCC_WARN_64_TO_32_BIT_CONVERSION = YES;
				GCC_WARN_ABOUT_RETURN_TYPE = YES_ERROR;
				GCC_WARN_UNDECLARED_SELECTOR = YES;
				GCC_WARN_UNINITIALIZED_AUTOS = YES_AGGRESSIVE;
				GCC_WARN_UNUSED_FUNCTION = YES;
				GCC_WARN_UNUSED_VARIABLE = YES;
				IPHONEOS_DEPLOYMENT_TARGET = 13.5;
				MTL_ENABLE_DEBUG_INFO = NO;
				MTL_FAST_MATH = YES;
				SDKROOT = iphoneos;
				SWIFT_COMPILATION_MODE = wholemodule;
				SWIFT_OPTIMIZATION_LEVEL = "-O";
				VALIDATE_PRODUCT = YES;
			};
			name = Release;
		};
		5AC1583424BE4F1D00054FAD /* Debug */ = {
			isa = XCBuildConfiguration;
			buildSettings = {
				ASSETCATALOG_COMPILER_APPICON_NAME = AppIcon;
				CODE_SIGN_STYLE = Automatic;
				DEVELOPMENT_ASSET_PATHS = "\"LolChamps/Preview Content\"";
				DEVELOPMENT_TEAM = 682PGZNNJA;
				ENABLE_PREVIEWS = YES;
				INFOPLIST_FILE = LolChamps/Info.plist;
				LD_RUNPATH_SEARCH_PATHS = (
					"$(inherited)",
					"@executable_path/Frameworks",
				);
				PRODUCT_BUNDLE_IDENTIFIER = com.oliverfoggin.LolChamps;
				PRODUCT_NAME = "$(TARGET_NAME)";
				SWIFT_VERSION = 5.0;
				TARGETED_DEVICE_FAMILY = "1,2";
			};
			name = Debug;
		};
		5AC1583524BE4F1D00054FAD /* Release */ = {
			isa = XCBuildConfiguration;
			buildSettings = {
				ASSETCATALOG_COMPILER_APPICON_NAME = AppIcon;
				CODE_SIGN_STYLE = Automatic;
				DEVELOPMENT_ASSET_PATHS = "\"LolChamps/Preview Content\"";
				DEVELOPMENT_TEAM = 682PGZNNJA;
				ENABLE_PREVIEWS = YES;
				INFOPLIST_FILE = LolChamps/Info.plist;
				LD_RUNPATH_SEARCH_PATHS = (
					"$(inherited)",
					"@executable_path/Frameworks",
				);
				PRODUCT_BUNDLE_IDENTIFIER = com.oliverfoggin.LolChamps;
				PRODUCT_NAME = "$(TARGET_NAME)";
				SWIFT_VERSION = 5.0;
				TARGETED_DEVICE_FAMILY = "1,2";
			};
			name = Release;
		};
/* End XCBuildConfiguration section */

/* Begin XCConfigurationList section */
		5AC1581A24BE4F1C00054FAD /* Build configuration list for PBXProject "LolChamps" */ = {
			isa = XCConfigurationList;
			buildConfigurations = (
				5AC1583124BE4F1D00054FAD /* Debug */,
				5AC1583224BE4F1D00054FAD /* Release */,
			);
			defaultConfigurationIsVisible = 0;
			defaultConfigurationName = Release;
		};
		5AC1583324BE4F1D00054FAD /* Build configuration list for PBXNativeTarget "LolChamps" */ = {
			isa = XCConfigurationList;
			buildConfigurations = (
				5AC1583424BE4F1D00054FAD /* Debug */,
				5AC1583524BE4F1D00054FAD /* Release */,
			);
			defaultConfigurationIsVisible = 0;
			defaultConfigurationName = Release;
		};
/* End XCConfigurationList section */
	};
	rootObject = 5AC1581724BE4F1C00054FAD /* Project object */;
}
